
Microsoft Visual Studio Solution File, Format Version 12.00
# Visual Studio 2012
Project("{FAE04EC0-301F-11D3-BF4B-00C04F79EFBC}") = "PollingSamples", "PollingSamples\PollingSamples.csproj", "{FDE25020-BA1E-4BF1-A0AB-9290ADB7732D}"
EndProject
Global
	GlobalSection(SolutionConfigurationPlatforms) = preSolution
		Debug|Any CPU = Debug|Any CPU
		Release|Any CPU = Release|Any CPU
	EndGlobalSection
	GlobalSection(ProjectConfigurationPlatforms) = postSolution
		{FDE25020-BA1E-4BF1-A0AB-9290ADB7732D}.Debug|Any CPU.ActiveCfg = Debug|Any CPU
		{FDE25020-BA1E-4BF1-A0AB-9290ADB7732D}.Debug|Any CPU.Build.0 = Debug|Any CPU
		{FDE25020-BA1E-4BF1-A0AB-9290ADB7732D}.Release|Any CPU.ActiveCfg = Release|Any CPU
		{FDE25020-BA1E-4BF1-A0AB-9290ADB7732D}.Release|Any CPU.Build.0 = Release|Any CPU
	EndGlobalSection
	GlobalSection(SolutionProperties) = preSolution
		HideSolutionNode = FALSE
	EndGlobalSection
EndGlobal
